{
  "originHash" : "0154f96418e2d24dbdd4493c5f7f0338b6ac159879d72f1509ce1aa3ab49ecb3",
  "pins" : [
    {
      "identity" : "opencombine",
      "kind" : "remoteSourceControl",
      "location" : "https://github.com/OpenCombine/OpenCombine.git",
      "state" : {
        "revision" : "8576f0d579b27020beccbccc3ea6844f3ddfc2c2",
        "version" : "0.14.0"
      }
    },
    {
      "identity" : "swiftlens",
      "kind" : "remoteSourceControl",
      "location" : "https://github.com/gahntpo/SwiftLens.git",
      "state" : {
        "branch" : "main",
        "revision" : "8d4d8323894b1d50cb832967299fc7f0b171ade8"
      }
    }
  ],
  "version" : 3
}
