<?xml version="1.0" encoding="UTF-8"?>
<Scheme
   LastUpgradeVersion = "1640"
   version = "1.7">
   <BuildAction
      parallelizeBuildables = "YES"
      buildImplicitDependencies = "YES"
      buildArchitectures = "Automatic">
      <BuildActionEntries>
         <BuildActionEntry
            buildForTesting = "YES"
            buildForRunning = "YES"
            buildForProfiling = "YES"
            buildForArchiving = "YES"
            buildForAnalyzing = "YES">
            <BuildableReference
               BuildableIdentifier = "primary"
               BlueprintIdentifier = "786FD1082E22E615008CEE55"
               BuildableName = "zpod.app"
               BlueprintName = "zpod"
               ReferencedContainer = "container:zpod.xcodeproj">
            </BuildableReference>
         </BuildActionEntry>
         <BuildActionEntry
            buildForTesting = "YES"
            buildForRunning = "NO"
            buildForProfiling = "NO"
            buildForArchiving = "NO"
            buildForAnalyzing = "NO">
         <BuildableReference
            BuildableIdentifier = "primary"
            BlueprintIdentifier = "786FD11C2E22E617008CEE55"
            BuildableName = "AppSmokeTests.xctest"
            BlueprintName = "AppSmokeTests"
            ReferencedContainer = "container:zpod.xcodeproj">
         </BuildableReference>
         </BuildActionEntry>
         <BuildActionEntry
            buildForTesting = "YES"
            buildForRunning = "NO"
            buildForProfiling = "NO"
            buildForArchiving = "NO"
            buildForAnalyzing = "NO">
         <BuildableReference
            BuildableIdentifier = "primary"
            BlueprintIdentifier = "786FD1262E22E617008CEE55"
            BuildableName = "zpodUITests.xctest"
            BlueprintName = "zpodUITests"
            ReferencedContainer = "container:zpod.xcodeproj">
         </BuildableReference>
        </BuildActionEntry>
        <BuildActionEntry
           buildForTesting = "YES"
           buildForRunning = "NO"
           buildForProfiling = "NO"
           buildForArchiving = "NO"
           buildForAnalyzing = "NO">
           <BuildableReference
              BuildableIdentifier = "primary"
              BlueprintIdentifier = "74DF3B58F3B8429A90066E35"
              BuildableName = "IntegrationTests.xctest"
              BlueprintName = "IntegrationTests"
              ReferencedContainer = "container:zpod.xcodeproj">
           </BuildableReference>
        </BuildActionEntry>
      </BuildActionEntries>
   </BuildAction>
   <TestAction
      buildConfiguration = "Debug"
      selectedDebuggerIdentifier = "Xcode.DebuggerFoundation.Debugger.LLDB"
      selectedLauncherIdentifier = "Xcode.DebuggerFoundation.Launcher.LLDB"
      shouldUseLaunchSchemeArgsEnv = "YES">
      <PreActions>
         <ExecutionAction
            ActionType = "Xcode.IDEStandardExecutionActionsCore.ExecutionActionType.ShellScriptAction">
            <ActionContent
               title = "Disable Hardware Keyboard"
               scriptText = "# Disable hardware keyboard to ensure software keyboard appears in UI tests&#10;killall Simulator || true&#10;defaults write com.apple.iphonesimulator ConnectHardwareKeyboard -bool false&#10;">
               <EnvironmentBuildable>
                  <BuildableReference
                     BuildableIdentifier = "primary"
                     BlueprintIdentifier = "786FD1082E22E615008CEE55"
                     BuildableName = "zpod.app"
                     BlueprintName = "zpod"
                     ReferencedContainer = "container:zpod.xcodeproj">
                  </BuildableReference>
               </EnvironmentBuildable>
            </ActionContent>
         </ExecutionAction>
      </PreActions>
      <TestPlans>
         <TestPlanReference
            reference = "container:zpod.xctestplan"
            default = "YES">
         </TestPlanReference>
      </TestPlans>
      <Testables>
         <TestableReference
            skipped = "NO">
         <BuildableReference
            BuildableIdentifier = "primary"
            BlueprintIdentifier = "786FD11C2E22E617008CEE55"
            BuildableName = "AppSmokeTests.xctest"
            BlueprintName = "AppSmokeTests"
            ReferencedContainer = "container:zpod.xcodeproj">
         </BuildableReference>
         </TestableReference>
         <TestableReference
            skipped = "NO">
         <BuildableReference
            BuildableIdentifier = "primary"
            BlueprintIdentifier = "786FD1262E22E617008CEE55"
            BuildableName = "zpodUITests.xctest"
            BlueprintName = "zpodUITests"
            ReferencedContainer = "container:zpod.xcodeproj">
         </BuildableReference>
        </TestableReference>
        <TestableReference
           skipped = "NO">
           <BuildableReference
              BuildableIdentifier = "primary"
              BlueprintIdentifier = "74DF3B58F3B8429A90066E35"
              BuildableName = "IntegrationTests.xctest"
              BlueprintName = "IntegrationTests"
              ReferencedContainer = "container:zpod.xcodeproj">
           </BuildableReference>
        </TestableReference>
      </Testables>
   </TestAction>
   <LaunchAction
      buildConfiguration = "Debug"
      selectedDebuggerIdentifier = "Xcode.DebuggerFoundation.Debugger.LLDB"
      selectedLauncherIdentifier = "Xcode.DebuggerFoundation.Launcher.LLDB"
      launchStyle = "0"
      useCustomWorkingDirectory = "NO"
      ignoresPersistentStateOnLaunch = "NO"
      debugDocumentVersioning = "YES"
      debugServiceExtension = "internal"
      allowLocationSimulation = "YES">
      <BuildableProductRunnable
         runnableDebuggingMode = "0">
         <BuildableReference
            BuildableIdentifier = "primary"
            BlueprintIdentifier = "786FD1082E22E615008CEE55"
            BuildableName = "zpod.app"
            BlueprintName = "zpod"
            ReferencedContainer = "container:zpod.xcodeproj">
         </BuildableReference>
      </BuildableProductRunnable>
   </LaunchAction>
   <ProfileAction
      buildConfiguration = "Release"
      shouldUseLaunchSchemeArgsEnv = "YES"
      savedToolIdentifier = ""
      useCustomWorkingDirectory = "NO"
      debugDocumentVersioning = "YES">
      <BuildableProductRunnable
         runnableDebuggingMode = "0">
         <BuildableReference
            BuildableIdentifier = "primary"
            BlueprintIdentifier = "786FD1082E22E615008CEE55"
            BuildableName = "zpod.app"
            BlueprintName = "zpod"
            ReferencedContainer = "container:zpod.xcodeproj">
         </BuildableReference>
      </BuildableProductRunnable>
   </ProfileAction>
   <AnalyzeAction
      buildConfiguration = "Debug">
   </AnalyzeAction>
   <ArchiveAction
      buildConfiguration = "Release"
      revealArchiveInOrganizer = "YES">
   </ArchiveAction>
</Scheme>
