{
  "originHash" : "511e8dc113680580d8064956314b94df429a53b822646171e4bc85911f92d753",
  "pins" : [
    {
      "identity" : "opencombine",
      "kind" : "remoteSourceControl",
      "location" : "https://github.com/OpenCombine/OpenCombine.git",
      "state" : {
        "revision" : "8576f0d579b27020beccbccc3ea6844f3ddfc2c2",
        "version" : "0.14.0"
      }
    },
    {
      "identity" : "swiftlens",
      "kind" : "remoteSourceControl",
      "location" : "https://github.com/gahntpo/SwiftLens.git",
      "state" : {
        "revision" : "fed0db9fab43ed37be67b09c9e9cdd62efa63a87",
        "version" : "1.1.0"
      }
    }
  ],
  "version" : 3
}
